
Microsoft Visual Studio Solution File, Format Version 12.00
# Visual Studio Version 17
VisualStudioVersion = 17.0.31903.59
MinimumVisualStudioVersion = 10.0.40219.1
Project("{FAE04EC0-301F-11D3-BF4B-00C04F79EFBC}") = "API", "API\API.csproj", "{21EC9349-4695-4E42-95CB-938805229562}"
EndProject
Project("{FAE04EC0-301F-11D3-BF4B-00C04F79EFBC}") = "Application", "Application\Application.csproj", "{EBC78ABC-8DA3-4621-836D-2B43453EC084}"
EndProject
Project("{FAE04EC0-301F-11D3-BF4B-00C04F79EFBC}") = "Domain", "Domain\Domain.csproj", "{AC05D960-3371-4994-8631-81E4B50859FA}"
EndProject
Project("{FAE04EC0-301F-11D3-BF4B-00C04F79EFBC}") = "Persistence", "Persistence\Persistence.csproj", "{2378F5A8-7513-41DF-8093-D271474F9CAF}"
EndProject
Global
	GlobalSection(SolutionConfigurationPlatforms) = preSolution
		Debug|Any CPU = Debug|Any CPU
		Release|Any CPU = Release|Any CPU
	EndGlobalSection
	GlobalSection(SolutionProperties) = preSolution
		HideSolutionNode = FALSE
	EndGlobalSection
	GlobalSection(ProjectConfigurationPlatforms) = postSolution
		{21EC9349-4695-4E42-95CB-938805229562}.Debug|Any CPU.ActiveCfg = Debug|Any CPU
		{21EC9349-4695-4E42-95CB-938805229562}.Debug|Any CPU.Build.0 = Debug|Any CPU
		{21EC9349-4695-4E42-95CB-938805229562}.Release|Any CPU.ActiveCfg = Release|Any CPU
		{21EC9349-4695-4E42-95CB-938805229562}.Release|Any CPU.Build.0 = Release|Any CPU
		{EBC78ABC-8DA3-4621-836D-2B43453EC084}.Debug|Any CPU.ActiveCfg = Debug|Any CPU
		{EBC78ABC-8DA3-4621-836D-2B43453EC084}.Debug|Any CPU.Build.0 = Debug|Any CPU
		{EBC78ABC-8DA3-4621-836D-2B43453EC084}.Release|Any CPU.ActiveCfg = Release|Any CPU
		{EBC78ABC-8DA3-4621-836D-2B43453EC084}.Release|Any CPU.Build.0 = Release|Any CPU
		{AC05D960-3371-4994-8631-81E4B50859FA}.Debug|Any CPU.ActiveCfg = Debug|Any CPU
		{AC05D960-3371-4994-8631-81E4B50859FA}.Debug|Any CPU.Build.0 = Debug|Any CPU
		{AC05D960-3371-4994-8631-81E4B50859FA}.Release|Any CPU.ActiveCfg = Release|Any CPU
		{AC05D960-3371-4994-8631-81E4B50859FA}.Release|Any CPU.Build.0 = Release|Any CPU
		{2378F5A8-7513-41DF-8093-D271474F9CAF}.Debug|Any CPU.ActiveCfg = Debug|Any CPU
		{2378F5A8-7513-41DF-8093-D271474F9CAF}.Debug|Any CPU.Build.0 = Debug|Any CPU
		{2378F5A8-7513-41DF-8093-D271474F9CAF}.Release|Any CPU.ActiveCfg = Release|Any CPU
		{2378F5A8-7513-41DF-8093-D271474F9CAF}.Release|Any CPU.Build.0 = Release|Any CPU
	EndGlobalSection
EndGlobal
